
Microsoft Visual Studio Solution File, Format Version 12.00
# Visual Studio 15
VisualStudioVersion = 15.0.28307.1145
MinimumVisualStudioVersion = 10.0.40219.1
Project("{9092AA53-FB77-4645-B42D-1CCCA6BD08BD}") = "lab3-", "lab3-\lab3-.njsproj", "{DC2585C7-26F2-4ABE-87FB-DE3E72DD58D3}"
EndProject
Global
	GlobalSection(SolutionConfigurationPlatforms) = preSolution
		Debug|Any CPU = Debug|Any CPU
		Release|Any CPU = Release|Any CPU
	EndGlobalSection
	GlobalSection(ProjectConfigurationPlatforms) = postSolution
		{DC2585C7-26F2-4ABE-87FB-DE3E72DD58D3}.Debug|Any CPU.ActiveCfg = Debug|Any CPU
		{DC2585C7-26F2-4ABE-87FB-DE3E72DD58D3}.Debug|Any CPU.Build.0 = Debug|Any CPU
		{DC2585C7-26F2-4ABE-87FB-DE3E72DD58D3}.Release|Any CPU.ActiveCfg = Release|Any CPU
		{DC2585C7-26F2-4ABE-87FB-DE3E72DD58D3}.Release|Any CPU.Build.0 = Release|Any CPU
	EndGlobalSection
	GlobalSection(SolutionProperties) = preSolution
		HideSolutionNode = FALSE
	EndGlobalSection
	GlobalSection(ExtensibilityGlobals) = postSolution
		SolutionGuid = {311693A7-51DE-4ADA-AF2B-226A7DF65A71}
	EndGlobalSection
EndGlobal
